
Microsoft Visual Studio Solution File, Format Version 12.00
# Visual Studio Version 16
VisualStudioVersion = 16.0.32228.343
MinimumVisualStudioVersion = 10.0.40219.1
Project("{FAE04EC0-301F-11D3-BF4B-00C04F79EFBC}") = "Loops", "Loops\Loops.csproj", "{B231B85C-D688-4EAC-9394-389BD260C92B}"
EndProject
Global
	GlobalSection(SolutionConfigurationPlatforms) = preSolution
		Debug|Any CPU = Debug|Any CPU
		Release|Any CPU = Release|Any CPU
	EndGlobalSection
	GlobalSection(ProjectConfigurationPlatforms) = postSolution
		{B231B85C-D688-4EAC-9394-389BD260C92B}.Debug|Any CPU.ActiveCfg = Debug|Any CPU
		{B231B85C-D688-4EAC-9394-389BD260C92B}.Debug|Any CPU.Build.0 = Debug|Any CPU
		{B231B85C-D688-4EAC-9394-389BD260C92B}.Release|Any CPU.ActiveCfg = Release|Any CPU
		{B231B85C-D688-4EAC-9394-389BD260C92B}.Release|Any CPU.Build.0 = Release|Any CPU
	EndGlobalSection
	GlobalSection(SolutionProperties) = preSolution
		HideSolutionNode = FALSE
	EndGlobalSection
	GlobalSection(ExtensibilityGlobals) = postSolution
		SolutionGuid = {AE0F7BDA-6872-47CF-B913-C64EEF932E43}
	EndGlobalSection
EndGlobal
